// !$*UTF8*$!
{
	archiveVersion = 1;
	classes = {
	};
	objectVersion = 55;
	objects = {

/* Begin PBXBuildFile section */
		9925E01628896C78004AA524 /* AppDelegate.swift in Sources */ = {isa = PBXBuildFile; fileRef = 9925E01528896C78004AA524 /* AppDelegate.swift */; };
		9925E01828896C78004AA524 /* SceneDelegate.swift in Sources */ = {isa = PBXBuildFile; fileRef = 9925E01728896C78004AA524 /* SceneDelegate.swift */; };
		9925E01A28896C78004AA524 /* ViewController.swift in Sources */ = {isa = PBXBuildFile; fileRef = 9925E01928896C78004AA524 /* ViewController.swift */; };
		9925E01D28896C78004AA524 /* Main.storyboard in Resources */ = {isa = PBXBuildFile; fileRef = 9925E01B28896C78004AA524 /* Main.storyboard */; };
		9925E01F28896C7C004AA524 /* Assets.xcassets in Resources */ = {isa = PBXBuildFile; fileRef = 9925E01E28896C7C004AA524 /* Assets.xcassets */; };
		9925E02228896C7C004AA524 /* LaunchScreen.storyboard in Resources */ = {isa = PBXBuildFile; fileRef = 9925E02028896C7C004AA524 /* LaunchScreen.storyboard */; };
		9925E02A288ABAEC004AA524 /* NameViewController.swift in Sources */ = {isa = PBXBuildFile; fileRef = 9925E029288ABAEB004AA524 /* NameViewController.swift */; };
		9925E02F288ABCCC004AA524 /* Contacts.swift in Sources */ = {isa = PBXBuildFile; fileRef = 9925E02E288ABCCC004AA524 /* Contacts.swift */; };
		9925E034288AD6C7004AA524 /* DataStore.swift in Sources */ = {isa = PBXBuildFile; fileRef = 9925E033288AD6C7004AA524 /* DataStore.swift */; };
/* End PBXBuildFile section */

/* Begin PBXFileReference section */
		9925E01228896C78004AA524 /* MyRecepieAppTest.app */ = {isa = PBXFileReference; explicitFileType = wrapper.application; includeInIndex = 0; path = MyRecepieAppTest.app; sourceTree = BUILT_PRODUCTS_DIR; };
		9925E01528896C78004AA524 /* AppDelegate.swift */ = {isa = PBXFileReference; lastKnownFileType = sourcecode.swift; path = AppDelegate.swift; sourceTree = "<group>"; };
		9925E01728896C78004AA524 /* SceneDelegate.swift */ = {isa = PBXFileReference; lastKnownFileType = sourcecode.swift; path = SceneDelegate.swift; sourceTree = "<group>"; };
		9925E01928896C78004AA524 /* ViewController.swift */ = {isa = PBXFileReference; lastKnownFileType = sourcecode.swift; path = ViewController.swift; sourceTree = "<group>"; };
		9925E01C28896C78004AA524 /* Base */ = {isa = PBXFileReference; lastKnownFileType = file.storyboard; name = Base; path = Base.lproj/Main.storyboard; sourceTree = "<group>"; };
		9925E01E28896C7C004AA524 /* Assets.xcassets */ = {isa = PBXFileReference; lastKnownFileType = folder.assetcatalog; path = Assets.xcassets; sourceTree = "<group>"; };
		9925E02128896C7C004AA524 /* Base */ = {isa = PBXFileReference; lastKnownFileType = file.storyboard; name = Base; path = Base.lproj/LaunchScreen.storyboard; sourceTree = "<group>"; };
		9925E02328896C7C004AA524 /* Info.plist */ = {isa = PBXFileReference; lastKnownFileType = text.plist.xml; path = Info.plist; sourceTree = "<group>"; };
		9925E029288ABAEB004AA524 /* NameViewController.swift */ = {isa = PBXFileReference; lastKnownFileType = sourcecode.swift; path = NameViewController.swift; sourceTree = "<group>"; };
		9925E02E288ABCCC004AA524 /* Contacts.swift */ = {isa = PBXFileReference; lastKnownFileType = sourcecode.swift; path = Contacts.swift; sourceTree = "<group>"; };
		9925E033288AD6C7004AA524 /* DataStore.swift */ = {isa = PBXFileReference; lastKnownFileType = sourcecode.swift; path = DataStore.swift; sourceTree = "<group>"; };
/* End PBXFileReference section */

/* Begin PBXFrameworksBuildPhase section */
		9925E00F28896C78004AA524 /* Frameworks */ = {
			isa = PBXFrameworksBuildPhase;
			buildActionMask = 2147483647;
			files = (
			);
			runOnlyForDeploymentPostprocessing = 0;
		};
/* End PBXFrameworksBuildPhase section */

/* Begin PBXGroup section */
		9925E00928896C78004AA524 = {
			isa = PBXGroup;
			children = (
				9925E01428896C78004AA524 /* MyRecepieAppTest */,
				9925E01328896C78004AA524 /* Products */,
			);
			sourceTree = "<group>";
		};
		9925E01328896C78004AA524 /* Products */ = {
			isa = PBXGroup;
			children = (
				9925E01228896C78004AA524 /* MyRecepieAppTest.app */,
			);
			name = Products;
			sourceTree = "<group>";
		};
		9925E01428896C78004AA524 /* MyRecepieAppTest */ = {
			isa = PBXGroup;
			children = (
				9925E032288AD6A4004AA524 /* Data */,
				9925E02B288ABB09004AA524 /* ViewControllers */,
				9925E030288ABCD9004AA524 /* Metods */,
				9925E02C288ABB32004AA524 /* Storyboards */,
				9925E02D288ABB62004AA524 /* App */,
				9925E031288ABCE4004AA524 /* Assets */,
			);
			path = MyRecepieAppTest;
			sourceTree = "<group>";
		};
		9925E02B288ABB09004AA524 /* ViewControllers */ = {
			isa = PBXGroup;
			children = (
				9925E01928896C78004AA524 /* ViewController.swift */,
				9925E029288ABAEB004AA524 /* NameViewController.swift */,
			);
			path = ViewControllers;
			sourceTree = "<group>";
		};
		9925E02C288ABB32004AA524 /* Storyboards */ = {
			isa = PBXGroup;
			children = (
				9925E01B28896C78004AA524 /* Main.storyboard */,
				9925E02028896C7C004AA524 /* LaunchScreen.storyboard */,
			);
			path = Storyboards;
			sourceTree = "<group>";
		};
		9925E02D288ABB62004AA524 /* App */ = {
			isa = PBXGroup;
			children = (
				9925E01528896C78004AA524 /* AppDelegate.swift */,
				9925E01728896C78004AA524 /* SceneDelegate.swift */,
				9925E02328896C7C004AA524 /* Info.plist */,
			);
			path = App;
			sourceTree = "<group>";
		};
		9925E030288ABCD9004AA524 /* Metods */ = {
			isa = PBXGroup;
			children = (
				9925E02E288ABCCC004AA524 /* Contacts.swift */,
			);
			path = Metods;
			sourceTree = "<group>";
		};
		9925E031288ABCE4004AA524 /* Assets */ = {
			isa = PBXGroup;
			children = (
				9925E01E28896C7C004AA524 /* Assets.xcassets */,
			);
			path = Assets;
			sourceTree = "<group>";
		};
		9925E032288AD6A4004AA524 /* Data */ = {
			isa = PBXGroup;
			children = (
				9925E033288AD6C7004AA524 /* DataStore.swift */,
			);
			path = Data;
			sourceTree = "<group>";
		};
/* End PBXGroup section */

/* Begin PBXNativeTarget section */
		9925E01128896C78004AA524 /* MyRecepieAppTest */ = {
			isa = PBXNativeTarget;
			buildConfigurationList = 9925E02628896C7C004AA524 /* Build configuration list for PBXNativeTarget "MyRecepieAppTest" */;
			buildPhases = (
				9925E00E28896C78004AA524 /* Sources */,
				9925E00F28896C78004AA524 /* Frameworks */,
				9925E01028896C78004AA524 /* Resources */,
			);
			buildRules = (
			);
			dependencies = (
			);
			name = MyRecepieAppTest;
			productName = MyRecepieAppTest;
			productReference = 9925E01228896C78004AA524 /* MyRecepieAppTest.app */;
			productType = "com.apple.product-type.application";
		};
/* End PBXNativeTarget section */

/* Begin PBXProject section */
		9925E00A28896C78004AA524 /* Project object */ = {
			isa = PBXProject;
			attributes = {
				BuildIndependentTargetsInParallel = 1;
				LastSwiftUpdateCheck = 1340;
				LastUpgradeCheck = 1340;
				TargetAttributes = {
					9925E01128896C78004AA524 = {
						CreatedOnToolsVersion = 13.4.1;
					};
				};
			};
			buildConfigurationList = 9925E00D28896C78004AA524 /* Build configuration list for PBXProject "MyRecepieAppTest" */;
			compatibilityVersion = "Xcode 13.0";
			developmentRegion = en;
			hasScannedForEncodings = 0;
			knownRegions = (
				en,
				Base,
			);
			mainGroup = 9925E00928896C78004AA524;
			productRefGroup = 9925E01328896C78004AA524 /* Products */;
			projectDirPath = "";
			projectRoot = "";
			targets = (
				9925E01128896C78004AA524 /* MyRecepieAppTest */,
			);
		};
/* End PBXProject section */

/* Begin PBXResourcesBuildPhase section */
		9925E01028896C78004AA524 /* Resources */ = {
			isa = PBXResourcesBuildPhase;
			buildActionMask = 2147483647;
			files = (
				9925E02228896C7C004AA524 /* LaunchScreen.storyboard in Resources */,
				9925E01F28896C7C004AA524 /* Assets.xcassets in Resources */,
				9925E01D28896C78004AA524 /* Main.storyboard in Resources */,
			);
			runOnlyForDeploymentPostprocessing = 0;
		};
/* End PBXResourcesBuildPhase section */

/* Begin PBXSourcesBuildPhase section */
		9925E00E28896C78004AA524 /* Sources */ = {
			isa = PBXSourcesBuildPhase;
			buildActionMask = 2147483647;
			files = (
				9925E01A28896C78004AA524 /* ViewController.swift in Sources */,
				9925E034288AD6C7004AA524 /* DataStore.swift in Sources */,
				9925E01628896C78004AA524 /* AppDelegate.swift in Sources */,
				9925E01828896C78004AA524 /* SceneDelegate.swift in Sources */,
				9925E02A288ABAEC004AA524 /* NameViewController.swift in Sources */,
				9925E02F288ABCCC004AA524 /* Contacts.swift in Sources */,
			);
			runOnlyForDeploymentPostprocessing = 0;
		};
/* End PBXSourcesBuildPhase section */

/* Begin PBXVariantGroup section */
		9925E01B28896C78004AA524 /* Main.storyboard */ = {
			isa = PBXVariantGroup;
			children = (
				9925E01C28896C78004AA524 /* Base */,
			);
			name = Main.storyboard;
			sourceTree = "<group>";
		};
		9925E02028896C7C004AA524 /* LaunchScreen.storyboard */ = {
			isa = PBXVariantGroup;
			children = (
				9925E02128896C7C004AA524 /* Base */,
			);
			name = LaunchScreen.storyboard;
			sourceTree = "<group>";
		};
/* End PBXVariantGroup section */

/* Begin XCBuildConfiguration section */
		9925E02428896C7C004AA524 /* Debug */ = {
			isa = XCBuildConfiguration;
			buildSettings = {
				ALWAYS_SEARCH_USER_PATHS = NO;
				CLANG_ANALYZER_NONNULL = YES;
				CLANG_ANALYZER_NUMBER_OBJECT_CONVERSION = YES_AGGRESSIVE;
				CLANG_CXX_LANGUAGE_STANDARD = "gnu++17";
				CLANG_ENABLE_MODULES = YES;
				CLANG_ENABLE_OBJC_ARC = YES;
				CLANG_ENABLE_OBJC_WEAK = YES;
				CLANG_WARN_BLOCK_CAPTURE_AUTORELEASING = YES;
				CLANG_WARN_BOOL_CONVERSION = YES;
				CLANG_WARN_COMMA = YES;
				CLANG_WARN_CONSTANT_CONVERSION = YES;
				CLANG_WARN_DEPRECATED_OBJC_IMPLEMENTATIONS = YES;
				CLANG_WARN_DIRECT_OBJC_ISA_USAGE = YES_ERROR;
				CLANG_WARN_DOCUMENTATION_COMMENTS = YES;
				CLANG_WARN_EMPTY_BODY = YES;
				CLANG_WARN_ENUM_CONVERSION = YES;
				CLANG_WARN_INFINITE_RECURSION = YES;
				CLANG_WARN_INT_CONVERSION = YES;
				CLANG_WARN_NON_LITERAL_NULL_CONVERSION = YES;
				CLANG_WARN_OBJC_IMPLICIT_RETAIN_SELF = YES;
				CLANG_WARN_OBJC_LITERAL_CONVERSION = YES;
				CLANG_WARN_OBJC_ROOT_CLASS = YES_ERROR;
				CLANG_WARN_QUOTED_INCLUDE_IN_FRAMEWORK_HEADER = YES;
				CLANG_WARN_RANGE_LOOP_ANALYSIS = YES;
				CLANG_WARN_STRICT_PROTOTYPES = YES;
				CLANG_WARN_SUSPICIOUS_MOVE = YES;
				CLANG_WARN_UNGUARDED_AVAILABILITY = YES_AGGRESSIVE;
				CLANG_WARN_UNREACHABLE_CODE = YES;
				CLANG_WARN__DUPLICATE_METHOD_MATCH = YES;
				COPY_PHASE_STRIP = NO;
				DEBUG_INFORMATION_FORMAT = dwarf;
				ENABLE_STRICT_OBJC_MSGSEND = YES;
				ENABLE_TESTABILITY = YES;
				GCC_C_LANGUAGE_STANDARD = gnu11;
				GCC_DYNAMIC_NO_PIC = NO;
				GCC_NO_COMMON_BLOCKS = YES;
				GCC_OPTIMIZATION_LEVEL = 0;
				GCC_PREPROCESSOR_DEFINITIONS = (
					"DEBUG=1",
					"$(inherited)",
				);
				GCC_WARN_64_TO_32_BIT_CONVERSION = YES;
				GCC_WARN_ABOUT_RETURN_TYPE = YES_ERROR;
				GCC_WARN_UNDECLARED_SELECTOR = YES;
				GCC_WARN_UNINITIALIZED_AUTOS = YES_AGGRESSIVE;
				GCC_WARN_UNUSED_FUNCTION = YES;
				GCC_WARN_UNUSED_VARIABLE = YES;
				IPHONEOS_DEPLOYMENT_TARGET = 15.5;
				MTL_ENABLE_DEBUG_INFO = INCLUDE_SOURCE;
				MTL_FAST_MATH = YES;
				ONLY_ACTIVE_ARCH = YES;
				SDKROOT = iphoneos;
				SWIFT_ACTIVE_COMPILATION_CONDITIONS = DEBUG;
				SWIFT_OPTIMIZATION_LEVEL = "-Onone";
			};
			name = Debug;
		};
		9925E02528896C7C004AA524 /* Release */ = {
			isa = XCBuildConfiguration;
			buildSettings = {
				ALWAYS_SEARCH_USER_PATHS = NO;
				CLANG_ANALYZER_NONNULL = YES;
				CLANG_ANALYZER_NUMBER_OBJECT_CONVERSION = YES_AGGRESSIVE;
				CLANG_CXX_LANGUAGE_STANDARD = "gnu++17";
				CLANG_ENABLE_MODULES = YES;
				CLANG_ENABLE_OBJC_ARC = YES;
				CLANG_ENABLE_OBJC_WEAK = YES;
				CLANG_WARN_BLOCK_CAPTURE_AUTORELEASING = YES;
				CLANG_WARN_BOOL_CONVERSION = YES;
				CLANG_WARN_COMMA = YES;
				CLANG_WARN_CONSTANT_CONVERSION = YES;
				CLANG_WARN_DEPRECATED_OBJC_IMPLEMENTATIONS = YES;
				CLANG_WARN_DIRECT_OBJC_ISA_USAGE = YES_ERROR;
				CLANG_WARN_DOCUMENTATION_COMMENTS = YES;
				CLANG_WARN_EMPTY_BODY = YES;
				CLANG_WARN_ENUM_CONVERSION = YES;
				CLANG_WARN_INFINITE_RECURSION = YES;
				CLANG_WARN_INT_CONVERSION = YES;
				CLANG_WARN_NON_LITERAL_NULL_CONVERSION = YES;
				CLANG_WARN_OBJC_IMPLICIT_RETAIN_SELF = YES;
				CLANG_WARN_OBJC_LITERAL_CONVERSION = YES;
				CLANG_WARN_OBJC_ROOT_CLASS = YES_ERROR;
				CLANG_WARN_QUOTED_INCLUDE_IN_FRAMEWORK_HEADER = YES;
				CLANG_WARN_RANGE_LOOP_ANALYSIS = YES;
				CLANG_WARN_STRICT_PROTOTYPES = YES;
				CLANG_WARN_SUSPICIOUS_MOVE = YES;
				CLANG_WARN_UNGUARDED_AVAILABILITY = YES_AGGRESSIVE;
				CLANG_WARN_UNREACHABLE_CODE = YES;
				CLANG_WARN__DUPLICATE_METHOD_MATCH = YES;
				COPY_PHASE_STRIP = NO;
				DEBUG_INFORMATION_FORMAT = "dwarf-with-dsym";
				ENABLE_NS_ASSERTIONS = NO;
				ENABLE_STRICT_OBJC_MSGSEND = YES;
				GCC_C_LANGUAGE_STANDARD = gnu11;
				GCC_NO_COMMON_BLOCKS = YES;
				GCC_WARN_64_TO_32_BIT_CONVERSION = YES;
				GCC_WARN_ABOUT_RETURN_TYPE = YES_ERROR;
				GCC_WARN_UNDECLARED_SELECTOR = YES;
				GCC_WARN_UNINITIALIZED_AUTOS = YES_AGGRESSIVE;
				GCC_WARN_UNUSED_FUNCTION = YES;
				GCC_WARN_UNUSED_VARIABLE = YES;
				IPHONEOS_DEPLOYMENT_TARGET = 15.5;
				MTL_ENABLE_DEBUG_INFO = NO;
				MTL_FAST_MATH = YES;
				SDKROOT = iphoneos;
				SWIFT_COMPILATION_MODE = wholemodule;
				SWIFT_OPTIMIZATION_LEVEL = "-O";
				VALIDATE_PRODUCT = YES;
			};
			name = Release;
		};
		9925E02728896C7C004AA524 /* Debug */ = {
			isa = XCBuildConfiguration;
			buildSettings = {
				ASSETCATALOG_COMPILER_APPICON_NAME = AppIcon;
				ASSETCATALOG_COMPILER_GLOBAL_ACCENT_COLOR_NAME = AccentColor;
				CODE_SIGN_STYLE = Automatic;
				CURRENT_PROJECT_VERSION = 1;
				DEVELOPMENT_TEAM = 7FW6LGZVFW;
				GENERATE_INFOPLIST_FILE = YES;
				INFOPLIST_FILE = MyRecepieAppTest/App/Info.plist;
				INFOPLIST_KEY_UIApplicationSupportsIndirectInputEvents = YES;
				INFOPLIST_KEY_UILaunchStoryboardName = LaunchScreen;
				INFOPLIST_KEY_UIMainStoryboardFile = Main;
				INFOPLIST_KEY_UISupportedInterfaceOrientations_iPad = "UIInterfaceOrientationPortrait UIInterfaceOrientationPortraitUpsideDown UIInterfaceOrientationLandscapeLeft UIInterfaceOrientationLandscapeRight";
				INFOPLIST_KEY_UISupportedInterfaceOrientations_iPhone = "UIInterfaceOrientationPortrait UIInterfaceOrientationLandscapeLeft UIInterfaceOrientationLandscapeRight";
				LD_RUNPATH_SEARCH_PATHS = (
					"$(inherited)",
					"@executable_path/Frameworks",
				);
				MARKETING_VERSION = 1.0;
				PRODUCT_BUNDLE_IDENTIFIER = "Daniil-Lebedev.MyRecepieAppTest";
				PRODUCT_NAME = "$(TARGET_NAME)";
				SWIFT_EMIT_LOC_STRINGS = YES;
				SWIFT_VERSION = 5.0;
				TARGETED_DEVICE_FAMILY = "1,2";
			};
			name = Debug;
		};
		9925E02828896C7C004AA524 /* Release */ = {
			isa = XCBuildConfiguration;
			buildSettings = {
				ASSETCATALOG_COMPILER_APPICON_NAME = AppIcon;
				ASSETCATALOG_COMPILER_GLOBAL_ACCENT_COLOR_NAME = AccentColor;
				CODE_SIGN_STYLE = Automatic;
				CURRENT_PROJECT_VERSION = 1;
				DEVELOPMENT_TEAM = 7FW6LGZVFW;
				GENERATE_INFOPLIST_FILE = YES;
				INFOPLIST_FILE = MyRecepieAppTest/App/Info.plist;
				INFOPLIST_KEY_UIApplicationSupportsIndirectInputEvents = YES;
				INFOPLIST_KEY_UILaunchStoryboardName = LaunchScreen;
				INFOPLIST_KEY_UIMainStoryboardFile = Main;
				INFOPLIST_KEY_UISupportedInterfaceOrientations_iPad = "UIInterfaceOrientationPortrait UIInterfaceOrientationPortraitUpsideDown UIInterfaceOrientationLandscapeLeft UIInterfaceOrientationLandscapeRight";
				INFOPLIST_KEY_UISupportedInterfaceOrientations_iPhone = "UIInterfaceOrientationPortrait UIInterfaceOrientationLandscapeLeft UIInterfaceOrientationLandscapeRight";
				LD_RUNPATH_SEARCH_PATHS = (
					"$(inherited)",
					"@executable_path/Frameworks",
				);
				MARKETING_VERSION = 1.0;
				PRODUCT_BUNDLE_IDENTIFIER = "Daniil-Lebedev.MyRecepieAppTest";
				PRODUCT_NAME = "$(TARGET_NAME)";
				SWIFT_EMIT_LOC_STRINGS = YES;
				SWIFT_VERSION = 5.0;
				TARGETED_DEVICE_FAMILY = "1,2";
			};
			name = Release;
		};
/* End XCBuildConfiguration section */

/* Begin XCConfigurationList section */
		9925E00D28896C78004AA524 /* Build configuration list for PBXProject "MyRecepieAppTest" */ = {
			isa = XCConfigurationList;
			buildConfigurations = (
				9925E02428896C7C004AA524 /* Debug */,
				9925E02528896C7C004AA524 /* Release */,
			);
			defaultConfigurationIsVisible = 0;
			defaultConfigurationName = Release;
		};
		9925E02628896C7C004AA524 /* Build configuration list for PBXNativeTarget "MyRecepieAppTest" */ = {
			isa = XCConfigurationList;
			buildConfigurations = (
				9925E02728896C7C004AA524 /* Debug */,
				9925E02828896C7C004AA524 /* Release */,
			);
			defaultConfigurationIsVisible = 0;
			defaultConfigurationName = Release;
		};
/* End XCConfigurationList section */
	};
	rootObject = 9925E00A28896C78004AA524 /* Project object */;
}
